# This file is automatically @generated by Cargo.
# It is not intended for manual editing.
version = 4

[[package]]
name = "hypercast"
version = "0.1.0"
source = "git+https://github.com/SkunkWerkx/HyperCast?branch=master#2854ac6d885cd71912c230d19de64dc1418f9fe2"

[[package]]
name = "hypertabular"
version = "0.1.0"
dependencies = [
 "hypercast",
]
