github.com/SkunkWerkx/HyperCast/go v0.6.1 h1:S5U5oYJDWZS4G0yIyOi/Ohn/SUJfDw+2pbuZsEYcNKU=
github.com/SkunkWerkx/HyperCast/go v0.6.1/go.mod h1:meNmbPjZMz+aEzdlVWi5QR83ovpKHjiUv0N39qHUfjU=
github.com/google/uuid v1.6.0 h1:NIvaJDMOsjHA8n1jAhLSgzrAzy1Hgr+hNrb57e+94F0=
github.com/google/uuid v1.6.0/go.mod h1:TIyPZe4MgqvfeYDBFedMoGGpEw/LqOeaOT+nhxU+yHo=
