github.com/SkunkWerkx/HyperCast/go v0.8.0 h1:rzo3a1BZGaXCaNd0xZAwSjhV8nm/hf8xtiCdqz9npx0=
github.com/SkunkWerkx/HyperCast/go v0.8.0/go.mod h1:meNmbPjZMz+aEzdlVWi5QR83ovpKHjiUv0N39qHUfjU=
github.com/google/uuid v1.6.0 h1:NIvaJDMOsjHA8n1jAhLSgzrAzy1Hgr+hNrb57e+94F0=
github.com/google/uuid v1.6.0/go.mod h1:TIyPZe4MgqvfeYDBFedMoGGpEw/LqOeaOT+nhxU+yHo=
